
Microsoft Visual Studio Solution File, Format Version 12.00
# Visual Studio Version 17
VisualStudioVersion = 17.9.34728.123
MinimumVisualStudioVersion = 10.0.40219.1
Project("{FAE04EC0-301F-11D3-BF4B-00C04F79EFBC}") = "Chef", "Chef.csproj", "{DCDD93A7-9B92-4319-9943-9C8A4EF534C2}"
EndProject
Global
	GlobalSection(SolutionConfigurationPlatforms) = preSolution
		Debug|Any CPU = Debug|Any CPU
		Release|Any CPU = Release|Any CPU
	EndGlobalSection
	GlobalSection(ProjectConfigurationPlatforms) = postSolution
		{DCDD93A7-9B92-4319-9943-9C8A4EF534C2}.Debug|Any CPU.ActiveCfg = Debug|Any CPU
		{DCDD93A7-9B92-4319-9943-9C8A4EF534C2}.Debug|Any CPU.Build.0 = Debug|Any CPU
		{DCDD93A7-9B92-4319-9943-9C8A4EF534C2}.Release|Any CPU.ActiveCfg = Release|Any CPU
		{DCDD93A7-9B92-4319-9943-9C8A4EF534C2}.Release|Any CPU.Build.0 = Release|Any CPU
	EndGlobalSection
	GlobalSection(SolutionProperties) = preSolution
		HideSolutionNode = FALSE
	EndGlobalSection
	GlobalSection(ExtensibilityGlobals) = postSolution
		SolutionGuid = {503C65D5-4BE2-4C5B-B5A9-74D2E2803C76}
	EndGlobalSection
EndGlobal
